Microsoft Visual Studio Solution File, Format Version 11.00
# Visual Studio 2008

Project("{53C945FD-83B5-0C4B-3D1C-F6554FD53D7A}") = "Super Broomball 2016", "Assembly-CSharp.csproj", "{CBD0A79E-038D-D75F-2A06-3BCA89D3BD7C}"
EndProject
Global
	GlobalSection(SolutionConfigurationPlatforms) = preSolution
		Debug|Any CPU = Debug|Any CPU
		Release|Any CPU = Release|Any CPU
	EndGlobalSection
	GlobalSection(ProjectConfigurationPlatforms) = postSolution
		{CBD0A79E-038D-D75F-2A06-3BCA89D3BD7C}.Debug|Any CPU.ActiveCfg = Debug|Any CPU
		{CBD0A79E-038D-D75F-2A06-3BCA89D3BD7C}.Debug|Any CPU.Build.0 = Debug|Any CPU
		{CBD0A79E-038D-D75F-2A06-3BCA89D3BD7C}.Release|Any CPU.ActiveCfg = Release|Any CPU
		{CBD0A79E-038D-D75F-2A06-3BCA89D3BD7C}.Release|Any CPU.Build.0 = Release|Any CPU
	EndGlobalSection
	GlobalSection(SolutionProperties) = preSolution
		HideSolutionNode = FALSE
	EndGlobalSection
	GlobalSection(MonoDevelopProperties) = preSolution
		StartupItem = Assembly-CSharp.csproj
	EndGlobalSection
EndGlobal
